// !$*UTF8*$!
{
	archiveVersion = 1;
	classes = {
	};
	objectVersion = 56;
	objects = {

/* Begin PBXBuildFile section */
		03A0BFD6F47D9D9CB5751360 /* DataFetcher.swift in Sources */ = {isa = PBXBuildFile; fileRef = 587B40567C398119519741AA /* DataFetcher.swift */; };
		05C68E8A7F03A08FA6B5C01C /* CustomCurveShape.swift in Sources */ = {isa = PBXBuildFile; fileRef = 150EBA9E5FF353D751EF00A1 /* CustomCurveShape.swift */; };
		0E1CC597EE0BC583F0590959 /* View+OnShake.swift in Sources */ = {isa = PBXBuildFile; fileRef = 1CB3BA50694A2BE876238BFB /* View+OnShake.swift */; };
		0F4CA5E5E2525266A530DFE4 /* SplashScreen.swift in Sources */ = {isa = PBXBuildFile; fileRef = 72DA915BF4D561F5FCBED14B /* SplashScreen.swift */; };
		106F8936BDBB8925D51EE1FF /* UIViewModel.swift in Sources */ = {isa = PBXBuildFile; fileRef = 2CBD65ED971F401CCD3F31AC /* UIViewModel.swift */; };
		126F5B97318F30E27BFCB6A6 /* Ingredient.swift in Sources */ = {isa = PBXBuildFile; fileRef = 1DF175237CD3B3C87D6B2012 /* Ingredient.swift */; };
		16B0DD1CC0230B9671C45710 /* CloseButton.swift in Sources */ = {isa = PBXBuildFile; fileRef = 661CD77BE03F9D0CA346AFBE /* CloseButton.swift */; };
		1E7B7969CAA844C5ACCDFC3E /* IconListView.swift in Sources */ = {isa = PBXBuildFile; fileRef = 8A78AEE2C9615AA1984FC29D /* IconListView.swift */; };
		1EB5BC011FB9D941D545F8A6 /* ArgsQuery.swift in Sources */ = {isa = PBXBuildFile; fileRef = AF59C4FFFDABB0618E801C6C /* ArgsQuery.swift */; };
		21254CA86DC97A78FACB8B19 /* Constants.swift in Sources */ = {isa = PBXBuildFile; fileRef = CF69FB0C780148BA9F0B9EEB /* Constants.swift */; };
		2E02F9C9BB50F8730EA58595 /* OnAppearedOnceModifier.swift in Sources */ = {isa = PBXBuildFile; fileRef = CCBF77F5DFC34262DC462706 /* OnAppearedOnceModifier.swift */; };
		39676D37E77A20BAC2B1387E /* SearchView.swift in Sources */ = {isa = PBXBuildFile; fileRef = B908AAE83FEC7E97953CACCF /* SearchView.swift */; };
		3CED903AFFEB74F1051390C7 /* CustomSegmentedControl.swift in Sources */ = {isa = PBXBuildFile; fileRef = 421D91A86F95EF71FDB5B689 /* CustomSegmentedControl.swift */; };
		3EA9B08FBC5A8C8FFBE5FBA0 /* ImageCacheKey.swift.swift in Sources */ = {isa = PBXBuildFile; fileRef = 70420BEF4D6626C0F7632E4D /* ImageCacheKey.swift.swift */; };
		3EF4AAD35853E6762ED57BB2 /* ListSwitcherViewModel.swift in Sources */ = {isa = PBXBuildFile; fileRef = 1F3991E18666AAD9515B4557 /* ListSwitcherViewModel.swift */; };
		3F42A604F8A5B365ACD7A959 /* URLFactory.swift in Sources */ = {isa = PBXBuildFile; fileRef = D4ACB7B78CCC26804EA4CD56 /* URLFactory.swift */; };
		3FD18E600691C0DEBD3AE761 /* FavouritesView.swift in Sources */ = {isa = PBXBuildFile; fileRef = 9E8E2545224523B34D7D55BD /* FavouritesView.swift */; };
		4476F90EBC447D2D28E2B3A3 /* FeaturedMeal.swift in Sources */ = {isa = PBXBuildFile; fileRef = 60CF6F2A16909260DF823A12 /* FeaturedMeal.swift */; };
		44C8171EBFCE7D0640AA4C07 /* HTTPQuery.swift in Sources */ = {isa = PBXBuildFile; fileRef = 524EE1F7BD0BDD7E047D1E91 /* HTTPQuery.swift */; };
		46FAA1A6FFA570528DC6D713 /* PlayShape.swift in Sources */ = {isa = PBXBuildFile; fileRef = DFFD159583C48501DED9FC25 /* PlayShape.swift */; };
		4B9FEC02A5387F1A0113EDD7 /* FavouriteStorage.swift in Sources */ = {isa = PBXBuildFile; fileRef = E0C34AEA6A6B050CF9CC2157 /* FavouriteStorage.swift */; };
		5004B5D58F1AAF2984FA82FA /* SearchViewModel.swift in Sources */ = {isa = PBXBuildFile; fileRef = 83750EE7B9B9AAE37ECD297C /* SearchViewModel.swift */; };
		53C12D8AE349B0EBDEE0095B /* ShakeView.swift in Sources */ = {isa = PBXBuildFile; fileRef = 19F604BC3AE1FF9C7825B3CB /* ShakeView.swift */; };
		53D8E597931B3B6108C19111 /* FavouritesViewModel.swift in Sources */ = {isa = PBXBuildFile; fileRef = FD4BDCB028A3C0C6012A0CBC /* FavouritesViewModel.swift */; };
		54DB9EC1F1A3C7FE90B79519 /* HeartButton.swift in Sources */ = {isa = PBXBuildFile; fileRef = 543ED25395594F38A750BBA9 /* HeartButton.swift */; };
		5517CECDF89BF4149DFDC919 /* HomeViewModel.swift in Sources */ = {isa = PBXBuildFile; fileRef = C290B7F6F34B838FD736D28D /* HomeViewModel.swift */; };
		58C43A07C93BED21390A8AFF /* YoutubeVideoView.swift in Sources */ = {isa = PBXBuildFile; fileRef = 6984DA25A4F8267F6161E9E7 /* YoutubeVideoView.swift */; };
		5D08800A00E7A1EC2F1729F7 /* Meal.swift in Sources */ = {isa = PBXBuildFile; fileRef = 044162573EA398C175188393 /* Meal.swift */; };
		62395A1EBBA2C441DF9493F7 /* ContentView.swift in Sources */ = {isa = PBXBuildFile; fileRef = A1C1034B46994E5A9C2BA049 /* ContentView.swift */; };
		66B244334674DA6EDFB22AB9 /* NavigationBar.swift in Sources */ = {isa = PBXBuildFile; fileRef = D116EE7B0149907E8F201DC4 /* NavigationBar.swift */; };
		68A6548445BA659BCD8D3699 /* ShakeViewModel.swift in Sources */ = {isa = PBXBuildFile; fileRef = 247AB3A4CC07D9E10EAE2499 /* ShakeViewModel.swift */; };
		6EE40987CFA14D8ACBD86ECB /* Keys.swift in Sources */ = {isa = PBXBuildFile; fileRef = 410C5E13FDA0A0FFB4968CFA /* Keys.swift */; };
		708CDBBA49959A0605AE6EC7 /* TabBar.swift in Sources */ = {isa = PBXBuildFile; fileRef = D841F07AC8504CCDEFAFFB06 /* TabBar.swift */; };
		7325E1395E350D420E05EDB7 /* SearchBar.swift in Sources */ = {isa = PBXBuildFile; fileRef = 006F7B2B61BC67099A0E1C8A /* SearchBar.swift */; };
		73CB83355EE2F63EDD1C3444 /* TabItem.swift in Sources */ = {isa = PBXBuildFile; fileRef = CB82FBE46E13B75DC5D4667A /* TabItem.swift */; };
		78149DF053E02569D3C35AD9 /* ListStorage.swift in Sources */ = {isa = PBXBuildFile; fileRef = 241590045506DDAF458BDDEC /* ListStorage.swift */; };
		859CED70FCC41228EFD16806 /* Preview Assets.xcassets in Resources */ = {isa = PBXBuildFile; fileRef = 0D29CCFAE6473D3D17627354 /* Preview Assets.xcassets */; };
		879323B599663AC33172B1A7 /* NetworkService+Factory.swift in Sources */ = {isa = PBXBuildFile; fileRef = DD10AEF344392546EE3BB353 /* NetworkService+Factory.swift */; };
		89A6105A678C77C4548CEA93 /* ImageCache.swift in Sources */ = {isa = PBXBuildFile; fileRef = 321DE61A95FDB4970171AA4B /* ImageCache.swift */; };
		949AD66700464EA98DEF69B7 /* RowMeal.swift in Sources */ = {isa = PBXBuildFile; fileRef = 6C32192AF3297E6EE2DC3928 /* RowMeal.swift */; };
		9B19E102C7D95B2FD83C12D4 /* CheckboxField.swift in Sources */ = {isa = PBXBuildFile; fileRef = DBEC7BFD4D788B6247F159CC /* CheckboxField.swift */; };
		9EA8E1027116048B9F6362EE /* SettingsViewModel.swift in Sources */ = {isa = PBXBuildFile; fileRef = 4EA0F5FC94EA1B2FEDC49ADE /* SettingsViewModel.swift */; };
		AA3C14F865A4B9838DCBE7A4 /* HTTPMethod.swift in Sources */ = {isa = PBXBuildFile; fileRef = 7FB317601D48B7B9627E8A0D /* HTTPMethod.swift */; };
		ABBD56AC5B9FECCA9203239B /* SettingsView.swift in Sources */ = {isa = PBXBuildFile; fileRef = E586D0BD4E8B1E33E9024B5C /* SettingsView.swift */; };
		ADE8C0008175B84659844C51 /* URLSession+Extension.swift in Sources */ = {isa = PBXBuildFile; fileRef = E1FA390B0003B999D94613AB /* URLSession+Extension.swift */; };
		AE13009EE99F91F69D208812 /* NetworkService.swift in Sources */ = {isa = PBXBuildFile; fileRef = 884EAFFF19D651EF0714BD45 /* NetworkService.swift */; };
		B93E7A8B0D2528D92DC19E2B /* Meal+Mocks.swift in Sources */ = {isa = PBXBuildFile; fileRef = E88250214401699DE2E2329B /* Meal+Mocks.swift */; };
		C17D86AE0418A497A91340D5 /* HTTPError.swift in Sources */ = {isa = PBXBuildFile; fileRef = 40DFEDB3FC0A1774D4394A0F /* HTTPError.swift */; };
		C5D91C1F0C1264597C216B87 /* KeyValueStorage.swift in Sources */ = {isa = PBXBuildFile; fileRef = 12DE7ABCBC0BF6F14436B271 /* KeyValueStorage.swift */; };
		C765D16A2BB8065A00DD7A0A /* ModalView.swift in Sources */ = {isa = PBXBuildFile; fileRef = C765D1692BB8065A00DD7A0A /* ModalView.swift */; };
		C765D16C2BB8069300DD7A0A /* SignInView.swift in Sources */ = {isa = PBXBuildFile; fileRef = C765D16B2BB8069300DD7A0A /* SignInView.swift */; };
		C765D16E2BB806B300DD7A0A /* SignUpView.swift in Sources */ = {isa = PBXBuildFile; fileRef = C765D16D2BB806B300DD7A0A /* SignUpView.swift */; };
		C765D1702BB8073400DD7A0A /* AngularButton.swift in Sources */ = {isa = PBXBuildFile; fileRef = C765D16F2BB8073400DD7A0A /* AngularButton.swift */; };
		C765D1722BB8078100DD7A0A /* TextFieldModifier.swift in Sources */ = {isa = PBXBuildFile; fileRef = C765D1712BB8078100DD7A0A /* TextFieldModifier.swift */; };
		C765D1742BB807CB00DD7A0A /* Modifiers.swift in Sources */ = {isa = PBXBuildFile; fileRef = C765D1732BB807CB00DD7A0A /* Modifiers.swift */; };
		CB5C52DEAA554FC79E1930F2 /* Ext+YoutubeLink.swift in Sources */ = {isa = PBXBuildFile; fileRef = F696B1F8C691E44E9D856FF1 /* Ext+YoutubeLink.swift */; };
		CECA8CE19E1ADBB4202F472C /* PlayButtonView.swift in Sources */ = {isa = PBXBuildFile; fileRef = E30F09D114AA23AF83870F8B /* PlayButtonView.swift */; };
		D468AC67CCA21D4E303F17AC /* Remote.swift in Sources */ = {isa = PBXBuildFile; fileRef = 66EA769A9CEB37606B8C3F94 /* Remote.swift */; };
		D54E7640CFA1CF3756F2BF53 /* MealItem.swift in Sources */ = {isa = PBXBuildFile; fileRef = 5449CADA5371130D796FF9F1 /* MealItem.swift */; };
		D589C9EE0FF593283A41A061 /* IconSettings.swift in Sources */ = {isa = PBXBuildFile; fileRef = ED7CB8E69D1763CCC211DABC /* IconSettings.swift */; };
		D5DA2814A42A5EA196E2FAE0 /* NetworkService+Mock.swift in Sources */ = {isa = PBXBuildFile; fileRef = C39D36F1A7B36D85FDB6CDEF /* NetworkService+Mock.swift */; };
		D676BE239D065370966336A2 /* Category.swift in Sources */ = {isa = PBXBuildFile; fileRef = 5932B9BBB6FF8867FC80947C /* Category.swift */; };
		D7D18C079F8F24AD9F3F75A3 /* RequestFetcher.swift in Sources */ = {isa = PBXBuildFile; fileRef = 2163A2C2012B111BD2C361EB /* RequestFetcher.swift */; };
		D80C18C7E256A48305F04AA3 /* Ext+Animation.swift in Sources */ = {isa = PBXBuildFile; fileRef = 701518EDA475656A87E44174 /* Ext+Animation.swift */; };
		DCB8508A1CF50843C8718720 /* HomeView.swift in Sources */ = {isa = PBXBuildFile; fileRef = 5FFF8A7AF89157C9C701C9D9 /* HomeView.swift */; };
		DDFAB76E1DA82D8810FF04AF /* MealView.swift in Sources */ = {isa = PBXBuildFile; fileRef = A695A7F1FF993DEFA4A3ECFB /* MealView.swift */; };
		E13142EC9D6F337EC4723024 /* RecipeParser.swift in Sources */ = {isa = PBXBuildFile; fileRef = 6E22B2D32F4B8EB8362B307E /* RecipeParser.swift */; };
		E2358AD3A4E49713C71D20A2 /* CacheAsyncImage.swift in Sources */ = {isa = PBXBuildFile; fileRef = 84F071FC7E3202E58E49CC3B /* CacheAsyncImage.swift */; };
		E2FD832FDD150FEEC2D6B4C3 /* UIWindow+MotionEnd.swift in Sources */ = {isa = PBXBuildFile; fileRef = E0A8B642307D361B53ECDB10 /* UIWindow+MotionEnd.swift */; };
		E30CAEF2F61A12070BCCF994 /* Notification+Name.swift in Sources */ = {isa = PBXBuildFile; fileRef = 713E287CED5FCBE02573B26F /* Notification+Name.swift */; };
		E50F7AB32AD43EFA66086913 /* ArgsPath.swift in Sources */ = {isa = PBXBuildFile; fileRef = ED2E3B5DCC34413B09B4BD76 /* ArgsPath.swift */; };
		E574FBD1CE732FD99A4C121A /* FoodyQApp.swift in Sources */ = {isa = PBXBuildFile; fileRef = CF8D5B5E7B145268FE3504C6 /* FoodyQApp.swift */; };
		F3451552E71C45009873EF88 /* MealViewModel.swift in Sources */ = {isa = PBXBuildFile; fileRef = CC0320BC0B0C346C1CFA1E03 /* MealViewModel.swift */; };
		F60854BDA55962AF9EBC0AF5 /* ListsSwitcher.swift in Sources */ = {isa = PBXBuildFile; fileRef = 4C4A2B845A37FFA1714D8D22 /* ListsSwitcher.swift */; };
		F6BBB6DEFDA7A05D7ADED69F /* RemoteSpec.swift in Sources */ = {isa = PBXBuildFile; fileRef = 4766BB3DFB9D1F17E352D71A /* RemoteSpec.swift */; };
		F820EB3A5A9304318BF31786 /* VideoView.swift in Sources */ = {isa = PBXBuildFile; fileRef = CF0A64ADADA395352249E21B /* VideoView.swift */; };
		F999C307CFB1016EC13A1BEF /* Assets.xcassets in Resources */ = {isa = PBXBuildFile; fileRef = 2D1ED66B395B88933B5D2901 /* Assets.xcassets */; };
/* End PBXBuildFile section */

/* Begin PBXFileReference section */
		006F7B2B61BC67099A0E1C8A /* SearchBar.swift */ = {isa = PBXFileReference; lastKnownFileType = sourcecode.swift; path = SearchBar.swift; sourceTree = "<group>"; };
		044162573EA398C175188393 /* Meal.swift */ = {isa = PBXFileReference; lastKnownFileType = sourcecode.swift; path = Meal.swift; sourceTree = "<group>"; };
		0D29CCFAE6473D3D17627354 /* Preview Assets.xcassets */ = {isa = PBXFileReference; lastKnownFileType = folder.assetcatalog; path = "Preview Assets.xcassets"; sourceTree = "<group>"; };
		12DE7ABCBC0BF6F14436B271 /* KeyValueStorage.swift */ = {isa = PBXFileReference; lastKnownFileType = sourcecode.swift; path = KeyValueStorage.swift; sourceTree = "<group>"; };
		150EBA9E5FF353D751EF00A1 /* CustomCurveShape.swift */ = {isa = PBXFileReference; lastKnownFileType = sourcecode.swift; path = CustomCurveShape.swift; sourceTree = "<group>"; };
		19F604BC3AE1FF9C7825B3CB /* ShakeView.swift */ = {isa = PBXFileReference; lastKnownFileType = sourcecode.swift; path = ShakeView.swift; sourceTree = "<group>"; };
		1CB3BA50694A2BE876238BFB /* View+OnShake.swift */ = {isa = PBXFileReference; lastKnownFileType = sourcecode.swift; path = "View+OnShake.swift"; sourceTree = "<group>"; };
		1DF175237CD3B3C87D6B2012 /* Ingredient.swift */ = {isa = PBXFileReference; lastKnownFileType = sourcecode.swift; path = Ingredient.swift; sourceTree = "<group>"; };
		1F3991E18666AAD9515B4557 /* ListSwitcherViewModel.swift */ = {isa = PBXFileReference; lastKnownFileType = sourcecode.swift; path = ListSwitcherViewModel.swift; sourceTree = "<group>"; };
		2163A2C2012B111BD2C361EB /* RequestFetcher.swift */ = {isa = PBXFileReference; lastKnownFileType = sourcecode.swift; path = RequestFetcher.swift; sourceTree = "<group>"; };
		241590045506DDAF458BDDEC /* ListStorage.swift */ = {isa = PBXFileReference; lastKnownFileType = sourcecode.swift; path = ListStorage.swift; sourceTree = "<group>"; };
		247AB3A4CC07D9E10EAE2499 /* ShakeViewModel.swift */ = {isa = PBXFileReference; lastKnownFileType = sourcecode.swift; path = ShakeViewModel.swift; sourceTree = "<group>"; };
		2CBD65ED971F401CCD3F31AC /* UIViewModel.swift */ = {isa = PBXFileReference; lastKnownFileType = sourcecode.swift; path = UIViewModel.swift; sourceTree = "<group>"; };
		2D1ED66B395B88933B5D2901 /* Assets.xcassets */ = {isa = PBXFileReference; lastKnownFileType = folder.assetcatalog; path = Assets.xcassets; sourceTree = "<group>"; };
		2EE4B6C2B703CA6019C858AB /* Info.plist */ = {isa = PBXFileReference; lastKnownFileType = text.plist; path = Info.plist; sourceTree = "<group>"; };
		321DE61A95FDB4970171AA4B /* ImageCache.swift */ = {isa = PBXFileReference; lastKnownFileType = sourcecode.swift; path = ImageCache.swift; sourceTree = "<group>"; };
		40DFEDB3FC0A1774D4394A0F /* HTTPError.swift */ = {isa = PBXFileReference; lastKnownFileType = sourcecode.swift; path = HTTPError.swift; sourceTree = "<group>"; };
		410C5E13FDA0A0FFB4968CFA /* Keys.swift */ = {isa = PBXFileReference; lastKnownFileType = sourcecode.swift; path = Keys.swift; sourceTree = "<group>"; };
		421D91A86F95EF71FDB5B689 /* CustomSegmentedControl.swift */ = {isa = PBXFileReference; lastKnownFileType = sourcecode.swift; path = CustomSegmentedControl.swift; sourceTree = "<group>"; };
		4766BB3DFB9D1F17E352D71A /* RemoteSpec.swift */ = {isa = PBXFileReference; lastKnownFileType = sourcecode.swift; path = RemoteSpec.swift; sourceTree = "<group>"; };
		4C4A2B845A37FFA1714D8D22 /* ListsSwitcher.swift */ = {isa = PBXFileReference; lastKnownFileType = sourcecode.swift; path = ListsSwitcher.swift; sourceTree = "<group>"; };
		4EA0F5FC94EA1B2FEDC49ADE /* SettingsViewModel.swift */ = {isa = PBXFileReference; lastKnownFileType = sourcecode.swift; path = SettingsViewModel.swift; sourceTree = "<group>"; };
		524EE1F7BD0BDD7E047D1E91 /* HTTPQuery.swift */ = {isa = PBXFileReference; lastKnownFileType = sourcecode.swift; path = HTTPQuery.swift; sourceTree = "<group>"; };
		543ED25395594F38A750BBA9 /* HeartButton.swift */ = {isa = PBXFileReference; lastKnownFileType = sourcecode.swift; path = HeartButton.swift; sourceTree = "<group>"; };
		5449CADA5371130D796FF9F1 /* MealItem.swift */ = {isa = PBXFileReference; lastKnownFileType = sourcecode.swift; path = MealItem.swift; sourceTree = "<group>"; };
		587B40567C398119519741AA /* DataFetcher.swift */ = {isa = PBXFileReference; lastKnownFileType = sourcecode.swift; path = DataFetcher.swift; sourceTree = "<group>"; };
		5932B9BBB6FF8867FC80947C /* Category.swift */ = {isa = PBXFileReference; lastKnownFileType = sourcecode.swift; path = Category.swift; sourceTree = "<group>"; };
		5FFF8A7AF89157C9C701C9D9 /* HomeView.swift */ = {isa = PBXFileReference; lastKnownFileType = sourcecode.swift; path = HomeView.swift; sourceTree = "<group>"; };
		60CF6F2A16909260DF823A12 /* FeaturedMeal.swift */ = {isa = PBXFileReference; lastKnownFileType = sourcecode.swift; path = FeaturedMeal.swift; sourceTree = "<group>"; };
		661CD77BE03F9D0CA346AFBE /* CloseButton.swift */ = {isa = PBXFileReference; lastKnownFileType = sourcecode.swift; path = CloseButton.swift; sourceTree = "<group>"; };
		66EA769A9CEB37606B8C3F94 /* Remote.swift */ = {isa = PBXFileReference; lastKnownFileType = sourcecode.swift; path = Remote.swift; sourceTree = "<group>"; };
		6984DA25A4F8267F6161E9E7 /* YoutubeVideoView.swift */ = {isa = PBXFileReference; lastKnownFileType = sourcecode.swift; path = YoutubeVideoView.swift; sourceTree = "<group>"; };
		6C32192AF3297E6EE2DC3928 /* RowMeal.swift */ = {isa = PBXFileReference; lastKnownFileType = sourcecode.swift; path = RowMeal.swift; sourceTree = "<group>"; };
		6E22B2D32F4B8EB8362B307E /* RecipeParser.swift */ = {isa = PBXFileReference; lastKnownFileType = sourcecode.swift; path = RecipeParser.swift; sourceTree = "<group>"; };
		701518EDA475656A87E44174 /* Ext+Animation.swift */ = {isa = PBXFileReference; lastKnownFileType = sourcecode.swift; path = "Ext+Animation.swift"; sourceTree = "<group>"; };
		70420BEF4D6626C0F7632E4D /* ImageCacheKey.swift.swift */ = {isa = PBXFileReference; lastKnownFileType = sourcecode.swift; path = ImageCacheKey.swift.swift; sourceTree = "<group>"; };
		713E287CED5FCBE02573B26F /* Notification+Name.swift */ = {isa = PBXFileReference; lastKnownFileType = sourcecode.swift; path = "Notification+Name.swift"; sourceTree = "<group>"; };
		72DA915BF4D561F5FCBED14B /* SplashScreen.swift */ = {isa = PBXFileReference; lastKnownFileType = sourcecode.swift; path = SplashScreen.swift; sourceTree = "<group>"; };
		7FB317601D48B7B9627E8A0D /* HTTPMethod.swift */ = {isa = PBXFileReference; lastKnownFileType = sourcecode.swift; path = HTTPMethod.swift; sourceTree = "<group>"; };
		83750EE7B9B9AAE37ECD297C /* SearchViewModel.swift */ = {isa = PBXFileReference; lastKnownFileType = sourcecode.swift; path = SearchViewModel.swift; sourceTree = "<group>"; };
		84F071FC7E3202E58E49CC3B /* CacheAsyncImage.swift */ = {isa = PBXFileReference; lastKnownFileType = sourcecode.swift; path = CacheAsyncImage.swift; sourceTree = "<group>"; };
		884EAFFF19D651EF0714BD45 /* NetworkService.swift */ = {isa = PBXFileReference; lastKnownFileType = sourcecode.swift; path = NetworkService.swift; sourceTree = "<group>"; };
		8A78AEE2C9615AA1984FC29D /* IconListView.swift */ = {isa = PBXFileReference; lastKnownFileType = sourcecode.swift; path = IconListView.swift; sourceTree = "<group>"; };
		9E8E2545224523B34D7D55BD /* FavouritesView.swift */ = {isa = PBXFileReference; lastKnownFileType = sourcecode.swift; path = FavouritesView.swift; sourceTree = "<group>"; };
		A1C1034B46994E5A9C2BA049 /* ContentView.swift */ = {isa = PBXFileReference; lastKnownFileType = sourcecode.swift; path = ContentView.swift; sourceTree = "<group>"; };
		A695A7F1FF993DEFA4A3ECFB /* MealView.swift */ = {isa = PBXFileReference; lastKnownFileType = sourcecode.swift; path = MealView.swift; sourceTree = "<group>"; };
		AF59C4FFFDABB0618E801C6C /* ArgsQuery.swift */ = {isa = PBXFileReference; lastKnownFileType = sourcecode.swift; path = ArgsQuery.swift; sourceTree = "<group>"; };
		B908AAE83FEC7E97953CACCF /* SearchView.swift */ = {isa = PBXFileReference; lastKnownFileType = sourcecode.swift; path = SearchView.swift; sourceTree = "<group>"; };
		C290B7F6F34B838FD736D28D /* HomeViewModel.swift */ = {isa = PBXFileReference; lastKnownFileType = sourcecode.swift; path = HomeViewModel.swift; sourceTree = "<group>"; };
		C39D36F1A7B36D85FDB6CDEF /* NetworkService+Mock.swift */ = {isa = PBXFileReference; lastKnownFileType = sourcecode.swift; path = "NetworkService+Mock.swift"; sourceTree = "<group>"; };
		C765D1692BB8065A00DD7A0A /* ModalView.swift */ = {isa = PBXFileReference; lastKnownFileType = sourcecode.swift; path = ModalView.swift; sourceTree = "<group>"; };
		C765D16B2BB8069300DD7A0A /* SignInView.swift */ = {isa = PBXFileReference; lastKnownFileType = sourcecode.swift; path = SignInView.swift; sourceTree = "<group>"; };
		C765D16D2BB806B300DD7A0A /* SignUpView.swift */ = {isa = PBXFileReference; lastKnownFileType = sourcecode.swift; path = SignUpView.swift; sourceTree = "<group>"; };
		C765D16F2BB8073400DD7A0A /* AngularButton.swift */ = {isa = PBXFileReference; lastKnownFileType = sourcecode.swift; path = AngularButton.swift; sourceTree = "<group>"; };
		C765D1712BB8078100DD7A0A /* TextFieldModifier.swift */ = {isa = PBXFileReference; lastKnownFileType = sourcecode.swift; path = TextFieldModifier.swift; sourceTree = "<group>"; };
		C765D1732BB807CB00DD7A0A /* Modifiers.swift */ = {isa = PBXFileReference; lastKnownFileType = sourcecode.swift; path = Modifiers.swift; sourceTree = "<group>"; };
		CB82FBE46E13B75DC5D4667A /* TabItem.swift */ = {isa = PBXFileReference; lastKnownFileType = sourcecode.swift; path = TabItem.swift; sourceTree = "<group>"; };
		CC0320BC0B0C346C1CFA1E03 /* MealViewModel.swift */ = {isa = PBXFileReference; lastKnownFileType = sourcecode.swift; path = MealViewModel.swift; sourceTree = "<group>"; };
		CCBF77F5DFC34262DC462706 /* OnAppearedOnceModifier.swift */ = {isa = PBXFileReference; lastKnownFileType = sourcecode.swift; path = OnAppearedOnceModifier.swift; sourceTree = "<group>"; };
		CF0A64ADADA395352249E21B /* VideoView.swift */ = {isa = PBXFileReference; lastKnownFileType = sourcecode.swift; path = VideoView.swift; sourceTree = "<group>"; };
		CF69FB0C780148BA9F0B9EEB /* Constants.swift */ = {isa = PBXFileReference; lastKnownFileType = sourcecode.swift; path = Constants.swift; sourceTree = "<group>"; };
		CF8D5B5E7B145268FE3504C6 /* FoodyQApp.swift */ = {isa = PBXFileReference; lastKnownFileType = sourcecode.swift; path = FoodyQApp.swift; sourceTree = "<group>"; };
		D08A8DCAAF0710D15EFA5448 /* FoodyQ.app */ = {isa = PBXFileReference; explicitFileType = wrapper.application; includeInIndex = 0; path = FoodyQ.app; sourceTree = BUILT_PRODUCTS_DIR; };
		D116EE7B0149907E8F201DC4 /* NavigationBar.swift */ = {isa = PBXFileReference; lastKnownFileType = sourcecode.swift; path = NavigationBar.swift; sourceTree = "<group>"; };
		D4ACB7B78CCC26804EA4CD56 /* URLFactory.swift */ = {isa = PBXFileReference; lastKnownFileType = sourcecode.swift; path = URLFactory.swift; sourceTree = "<group>"; };
		D841F07AC8504CCDEFAFFB06 /* TabBar.swift */ = {isa = PBXFileReference; lastKnownFileType = sourcecode.swift; path = TabBar.swift; sourceTree = "<group>"; };
		DBEC7BFD4D788B6247F159CC /* CheckboxField.swift */ = {isa = PBXFileReference; lastKnownFileType = sourcecode.swift; path = CheckboxField.swift; sourceTree = "<group>"; };
		DD10AEF344392546EE3BB353 /* NetworkService+Factory.swift */ = {isa = PBXFileReference; lastKnownFileType = sourcecode.swift; path = "NetworkService+Factory.swift"; sourceTree = "<group>"; };
		DFFD159583C48501DED9FC25 /* PlayShape.swift */ = {isa = PBXFileReference; lastKnownFileType = sourcecode.swift; path = PlayShape.swift; sourceTree = "<group>"; };
		E0A8B642307D361B53ECDB10 /* UIWindow+MotionEnd.swift */ = {isa = PBXFileReference; lastKnownFileType = sourcecode.swift; path = "UIWindow+MotionEnd.swift"; sourceTree = "<group>"; };
		E0C34AEA6A6B050CF9CC2157 /* FavouriteStorage.swift */ = {isa = PBXFileReference; lastKnownFileType = sourcecode.swift; path = FavouriteStorage.swift; sourceTree = "<group>"; };
		E1FA390B0003B999D94613AB /* URLSession+Extension.swift */ = {isa = PBXFileReference; lastKnownFileType = sourcecode.swift; path = "URLSession+Extension.swift"; sourceTree = "<group>"; };
		E30F09D114AA23AF83870F8B /* PlayButtonView.swift */ = {isa = PBXFileReference; lastKnownFileType = sourcecode.swift; path = PlayButtonView.swift; sourceTree = "<group>"; };
		E586D0BD4E8B1E33E9024B5C /* SettingsView.swift */ = {isa = PBXFileReference; lastKnownFileType = sourcecode.swift; path = SettingsView.swift; sourceTree = "<group>"; };
		E88250214401699DE2E2329B /* Meal+Mocks.swift */ = {isa = PBXFileReference; lastKnownFileType = sourcecode.swift; path = "Meal+Mocks.swift"; sourceTree = "<group>"; };
		ED2E3B5DCC34413B09B4BD76 /* ArgsPath.swift */ = {isa = PBXFileReference; lastKnownFileType = sourcecode.swift; path = ArgsPath.swift; sourceTree = "<group>"; };
		ED7CB8E69D1763CCC211DABC /* IconSettings.swift */ = {isa = PBXFileReference; lastKnownFileType = sourcecode.swift; path = IconSettings.swift; sourceTree = "<group>"; };
		F696B1F8C691E44E9D856FF1 /* Ext+YoutubeLink.swift */ = {isa = PBXFileReference; lastKnownFileType = sourcecode.swift; path = "Ext+YoutubeLink.swift"; sourceTree = "<group>"; };
		FD4BDCB028A3C0C6012A0CBC /* FavouritesViewModel.swift */ = {isa = PBXFileReference; lastKnownFileType = sourcecode.swift; path = FavouritesViewModel.swift; sourceTree = "<group>"; };
/* End PBXFileReference section */

/* Begin PBXGroup section */
		0734D73932FC08A262CA5B5B /* FoodyQ */ = {
			isa = PBXGroup;
			children = (
				9B0EE3BE72BBA70E46D23916 /* Environment */,
				CA4C600E4019878FF994B232 /* Icons */,
				1C775808FDC68EA4F2BBBC57 /* Models */,
				49F28D7CB1CF924FE6F0AA50 /* Networking */,
				71879F13C311118F1A1A7994 /* Preview Content */,
				DEF3EE29E89EF3B925B7BF96 /* Service */,
				A2A8EA5B89412F8FA9418795 /* Services */,
				50FC3288A845CFADE6EB2AD2 /* Storage */,
				58F3FC724313443B5D920F1B /* Support */,
				A05ACFA4D206EF981E89466C /* ViewModels */,
				2B641811B7E90D838454B36C /* Views */,
				2D1ED66B395B88933B5D2901 /* Assets.xcassets */,
				2EE4B6C2B703CA6019C858AB /* Info.plist */,
				CF8D5B5E7B145268FE3504C6 /* FoodyQApp.swift */,
			);
			path = FoodyQ;
			sourceTree = "<group>";
		};
		0A16ED91EAE1D8A520B80CCA /* Favourites */ = {
			isa = PBXGroup;
			children = (
				E0C34AEA6A6B050CF9CC2157 /* FavouriteStorage.swift */,
			);
			path = Favourites;
			sourceTree = "<group>";
		};
		14F5AC43D892A8F8751D5422 /* Buttons */ = {
			isa = PBXGroup;
			children = (
				661CD77BE03F9D0CA346AFBE /* CloseButton.swift */,
				543ED25395594F38A750BBA9 /* HeartButton.swift */,
				E30F09D114AA23AF83870F8B /* PlayButtonView.swift */,
				C765D16F2BB8073400DD7A0A /* AngularButton.swift */,
			);
			path = Buttons;
			sourceTree = "<group>";
		};
		1C775808FDC68EA4F2BBBC57 /* Models */ = {
			isa = PBXGroup;
			children = (
				0A16ED91EAE1D8A520B80CCA /* Favourites */,
				5932B9BBB6FF8867FC80947C /* Category.swift */,
				321DE61A95FDB4970171AA4B /* ImageCache.swift */,
				1DF175237CD3B3C87D6B2012 /* Ingredient.swift */,
				410C5E13FDA0A0FFB4968CFA /* Keys.swift */,
				241590045506DDAF458BDDEC /* ListStorage.swift */,
				044162573EA398C175188393 /* Meal.swift */,
				E88250214401699DE2E2329B /* Meal+Mocks.swift */,
			);
			path = Models;
			sourceTree = "<group>";
		};
		25E6718FD5CD0001F5B76457 /* MealViews */ = {
			isa = PBXGroup;
			children = (
				60CF6F2A16909260DF823A12 /* FeaturedMeal.swift */,
				5449CADA5371130D796FF9F1 /* MealItem.swift */,
				A695A7F1FF993DEFA4A3ECFB /* MealView.swift */,
				6C32192AF3297E6EE2DC3928 /* RowMeal.swift */,
			);
			path = MealViews;
			sourceTree = "<group>";
		};
		2B641811B7E90D838454B36C /* Views */ = {
			isa = PBXGroup;
			children = (
				C765D1682BB8063A00DD7A0A /* Modals */,
				53A7FEBB7DAA00B24FB47B5F /* Bars */,
				14F5AC43D892A8F8751D5422 /* Buttons */,
				25E6718FD5CD0001F5B76457 /* MealViews */,
				539980830DC3C7939C882E3B /* Navigation */,
				9EED2007EF97994814C193B0 /* UI */,
				87B9DD5984CFBBBC1EA4A038 /* Views */,
				A1C1034B46994E5A9C2BA049 /* ContentView.swift */,
			);
			path = Views;
			sourceTree = "<group>";
		};
		49F28D7CB1CF924FE6F0AA50 /* Networking */ = {
			isa = PBXGroup;
			children = (
				ED2E3B5DCC34413B09B4BD76 /* ArgsPath.swift */,
				AF59C4FFFDABB0618E801C6C /* ArgsQuery.swift */,
				587B40567C398119519741AA /* DataFetcher.swift */,
				40DFEDB3FC0A1774D4394A0F /* HTTPError.swift */,
				7FB317601D48B7B9627E8A0D /* HTTPMethod.swift */,
				524EE1F7BD0BDD7E047D1E91 /* HTTPQuery.swift */,
				66EA769A9CEB37606B8C3F94 /* Remote.swift */,
				4766BB3DFB9D1F17E352D71A /* RemoteSpec.swift */,
				2163A2C2012B111BD2C361EB /* RequestFetcher.swift */,
				E1FA390B0003B999D94613AB /* URLSession+Extension.swift */,
			);
			path = Networking;
			sourceTree = "<group>";
		};
		50FC3288A845CFADE6EB2AD2 /* Storage */ = {
			isa = PBXGroup;
			children = (
				12DE7ABCBC0BF6F14436B271 /* KeyValueStorage.swift */,
			);
			path = Storage;
			sourceTree = "<group>";
		};
		539980830DC3C7939C882E3B /* Navigation */ = {
			isa = PBXGroup;
			children = (
				9E8E2545224523B34D7D55BD /* FavouritesView.swift */,
				5FFF8A7AF89157C9C701C9D9 /* HomeView.swift */,
				B908AAE83FEC7E97953CACCF /* SearchView.swift */,
				E586D0BD4E8B1E33E9024B5C /* SettingsView.swift */,
				19F604BC3AE1FF9C7825B3CB /* ShakeView.swift */,
			);
			path = Navigation;
			sourceTree = "<group>";
		};
		53A7FEBB7DAA00B24FB47B5F /* Bars */ = {
			isa = PBXGroup;
			children = (
				D116EE7B0149907E8F201DC4 /* NavigationBar.swift */,
				006F7B2B61BC67099A0E1C8A /* SearchBar.swift */,
				D841F07AC8504CCDEFAFFB06 /* TabBar.swift */,
			);
			path = Bars;
			sourceTree = "<group>";
		};
		58F3FC724313443B5D920F1B /* Support */ = {
			isa = PBXGroup;
			children = (
				CE0A87AB20D75BE45896113C /* Constant */,
				5CA6B33DCE6AD90E97878A62 /* Extensions */,
				CCBF77F5DFC34262DC462706 /* OnAppearedOnceModifier.swift */,
				C765D1712BB8078100DD7A0A /* TextFieldModifier.swift */,
				C765D1732BB807CB00DD7A0A /* Modifiers.swift */,
			);
			path = Support;
			sourceTree = "<group>";
		};
		5CA6B33DCE6AD90E97878A62 /* Extensions */ = {
			isa = PBXGroup;
			children = (
				F696B1F8C691E44E9D856FF1 /* Ext+YoutubeLink.swift */,
				713E287CED5FCBE02573B26F /* Notification+Name.swift */,
				E0A8B642307D361B53ECDB10 /* UIWindow+MotionEnd.swift */,
				1CB3BA50694A2BE876238BFB /* View+OnShake.swift */,
			);
			path = Extensions;
			sourceTree = "<group>";
		};
		71879F13C311118F1A1A7994 /* Preview Content */ = {
			isa = PBXGroup;
			children = (
				0D29CCFAE6473D3D17627354 /* Preview Assets.xcassets */,
			);
			path = "Preview Content";
			sourceTree = "<group>";
		};
		87B9DD5984CFBBBC1EA4A038 /* Views */ = {
			isa = PBXGroup;
			children = (
				CF0A64ADADA395352249E21B /* VideoView.swift */,
				6984DA25A4F8267F6161E9E7 /* YoutubeVideoView.swift */,
			);
			path = Views;
			sourceTree = "<group>";
		};
		9B0EE3BE72BBA70E46D23916 /* Environment */ = {
			isa = PBXGroup;
			children = (
				70420BEF4D6626C0F7632E4D /* ImageCacheKey.swift.swift */,
			);
			path = Environment;
			sourceTree = "<group>";
		};
		9EED2007EF97994814C193B0 /* UI */ = {
			isa = PBXGroup;
			children = (
				84F071FC7E3202E58E49CC3B /* CacheAsyncImage.swift */,
				DBEC7BFD4D788B6247F159CC /* CheckboxField.swift */,
				CF69FB0C780148BA9F0B9EEB /* Constants.swift */,
				150EBA9E5FF353D751EF00A1 /* CustomCurveShape.swift */,
				421D91A86F95EF71FDB5B689 /* CustomSegmentedControl.swift */,
				701518EDA475656A87E44174 /* Ext+Animation.swift */,
				8A78AEE2C9615AA1984FC29D /* IconListView.swift */,
				ED7CB8E69D1763CCC211DABC /* IconSettings.swift */,
				4C4A2B845A37FFA1714D8D22 /* ListsSwitcher.swift */,
				DFFD159583C48501DED9FC25 /* PlayShape.swift */,
				72DA915BF4D561F5FCBED14B /* SplashScreen.swift */,
				CB82FBE46E13B75DC5D4667A /* TabItem.swift */,
			);
			path = UI;
			sourceTree = "<group>";
		};
		A05ACFA4D206EF981E89466C /* ViewModels */ = {
			isa = PBXGroup;
			children = (
				FD4BDCB028A3C0C6012A0CBC /* FavouritesViewModel.swift */,
				C290B7F6F34B838FD736D28D /* HomeViewModel.swift */,
				1F3991E18666AAD9515B4557 /* ListSwitcherViewModel.swift */,
				CC0320BC0B0C346C1CFA1E03 /* MealViewModel.swift */,
				83750EE7B9B9AAE37ECD297C /* SearchViewModel.swift */,
				4EA0F5FC94EA1B2FEDC49ADE /* SettingsViewModel.swift */,
				247AB3A4CC07D9E10EAE2499 /* ShakeViewModel.swift */,
				2CBD65ED971F401CCD3F31AC /* UIViewModel.swift */,
			);
			path = ViewModels;
			sourceTree = "<group>";
		};
		A2A8EA5B89412F8FA9418795 /* Services */ = {
			isa = PBXGroup;
			children = (
				6E22B2D32F4B8EB8362B307E /* RecipeParser.swift */,
			);
			path = Services;
			sourceTree = "<group>";
		};
		C765D1682BB8063A00DD7A0A /* Modals */ = {
			isa = PBXGroup;
			children = (
				C765D1692BB8065A00DD7A0A /* ModalView.swift */,
				C765D16B2BB8069300DD7A0A /* SignInView.swift */,
				C765D16D2BB806B300DD7A0A /* SignUpView.swift */,
			);
			path = Modals;
			sourceTree = "<group>";
		};
		CA4C600E4019878FF994B232 /* Icons */ = {
			isa = PBXGroup;
			children = (
			);
			path = Icons;
			sourceTree = "<group>";
		};
		CE0A87AB20D75BE45896113C /* Constant */ = {
			isa = PBXGroup;
			children = (
				D4ACB7B78CCC26804EA4CD56 /* URLFactory.swift */,
			);
			path = Constant;
			sourceTree = "<group>";
		};
		DEF3EE29E89EF3B925B7BF96 /* Service */ = {
			isa = PBXGroup;
			children = (
				884EAFFF19D651EF0714BD45 /* NetworkService.swift */,
				DD10AEF344392546EE3BB353 /* NetworkService+Factory.swift */,
				C39D36F1A7B36D85FDB6CDEF /* NetworkService+Mock.swift */,
			);
			path = Service;
			sourceTree = "<group>";
		};
		E59B09CA8947ED6015353F80 = {
			isa = PBXGroup;
			children = (
				0734D73932FC08A262CA5B5B /* FoodyQ */,
				F84C55A1F8698B73D0514C5D /* Products */,
			);
			sourceTree = "<group>";
		};
		F84C55A1F8698B73D0514C5D /* Products */ = {
			isa = PBXGroup;
			children = (
				D08A8DCAAF0710D15EFA5448 /* FoodyQ.app */,
			);
			name = Products;
			sourceTree = "<group>";
		};
/* End PBXGroup section */

/* Begin PBXNativeTarget section */
		ABE205A09513648C55D36BED /* FoodyQ */ = {
			isa = PBXNativeTarget;
			buildConfigurationList = B2AB8110DA4469B802D4C919 /* Build configuration list for PBXNativeTarget "FoodyQ" */;
			buildPhases = (
				1F18FA2D9DA56E75398FA923 /* Sources */,
				DAEC696A527EB20D9CFFF649 /* Resources */,
			);
			buildRules = (
			);
			dependencies = (
			);
			name = FoodyQ;
			productName = PRORecipies;
			productReference = D08A8DCAAF0710D15EFA5448 /* FoodyQ.app */;
			productType = "com.apple.product-type.application";
		};
/* End PBXNativeTarget section */

/* Begin PBXProject section */
		B7D32CFA57CDD63564913AE7 /* Project object */ = {
			isa = PBXProject;
			attributes = {
				BuildIndependentTargetsInParallel = YES;
				LastUpgradeCheck = 1430;
				TargetAttributes = {
					ABE205A09513648C55D36BED = {
						ProvisioningStyle = Automatic;
					};
				};
			};
			buildConfigurationList = 869958C70B7234105864447F /* Build configuration list for PBXProject "FoodyQ" */;
			compatibilityVersion = "Xcode 14.0";
			developmentRegion = ru;
			hasScannedForEncodings = 0;
			knownRegions = (
				Base,
				ru,
			);
			mainGroup = E59B09CA8947ED6015353F80;
			projectDirPath = "";
			projectRoot = "";
			targets = (
				ABE205A09513648C55D36BED /* FoodyQ */,
			);
		};
/* End PBXProject section */

/* Begin PBXResourcesBuildPhase section */
		DAEC696A527EB20D9CFFF649 /* Resources */ = {
			isa = PBXResourcesBuildPhase;
			buildActionMask = 2147483647;
			files = (
				F999C307CFB1016EC13A1BEF /* Assets.xcassets in Resources */,
				859CED70FCC41228EFD16806 /* Preview Assets.xcassets in Resources */,
			);
			runOnlyForDeploymentPostprocessing = 0;
		};
/* End PBXResourcesBuildPhase section */

/* Begin PBXSourcesBuildPhase section */
		1F18FA2D9DA56E75398FA923 /* Sources */ = {
			isa = PBXSourcesBuildPhase;
			buildActionMask = 2147483647;
			files = (
				E50F7AB32AD43EFA66086913 /* ArgsPath.swift in Sources */,
				1EB5BC011FB9D941D545F8A6 /* ArgsQuery.swift in Sources */,
				C765D1702BB8073400DD7A0A /* AngularButton.swift in Sources */,
				E2358AD3A4E49713C71D20A2 /* CacheAsyncImage.swift in Sources */,
				D676BE239D065370966336A2 /* Category.swift in Sources */,
				C765D16A2BB8065A00DD7A0A /* ModalView.swift in Sources */,
				9B19E102C7D95B2FD83C12D4 /* CheckboxField.swift in Sources */,
				16B0DD1CC0230B9671C45710 /* CloseButton.swift in Sources */,
				21254CA86DC97A78FACB8B19 /* Constants.swift in Sources */,
				62395A1EBBA2C441DF9493F7 /* ContentView.swift in Sources */,
				05C68E8A7F03A08FA6B5C01C /* CustomCurveShape.swift in Sources */,
				3CED903AFFEB74F1051390C7 /* CustomSegmentedControl.swift in Sources */,
				03A0BFD6F47D9D9CB5751360 /* DataFetcher.swift in Sources */,
				D80C18C7E256A48305F04AA3 /* Ext+Animation.swift in Sources */,
				CB5C52DEAA554FC79E1930F2 /* Ext+YoutubeLink.swift in Sources */,
				4B9FEC02A5387F1A0113EDD7 /* FavouriteStorage.swift in Sources */,
				3FD18E600691C0DEBD3AE761 /* FavouritesView.swift in Sources */,
				53D8E597931B3B6108C19111 /* FavouritesViewModel.swift in Sources */,
				4476F90EBC447D2D28E2B3A3 /* FeaturedMeal.swift in Sources */,
				C17D86AE0418A497A91340D5 /* HTTPError.swift in Sources */,
				AA3C14F865A4B9838DCBE7A4 /* HTTPMethod.swift in Sources */,
				44C8171EBFCE7D0640AA4C07 /* HTTPQuery.swift in Sources */,
				54DB9EC1F1A3C7FE90B79519 /* HeartButton.swift in Sources */,
				DCB8508A1CF50843C8718720 /* HomeView.swift in Sources */,
				5517CECDF89BF4149DFDC919 /* HomeViewModel.swift in Sources */,
				1E7B7969CAA844C5ACCDFC3E /* IconListView.swift in Sources */,
				C765D16C2BB8069300DD7A0A /* SignInView.swift in Sources */,
				D589C9EE0FF593283A41A061 /* IconSettings.swift in Sources */,
				89A6105A678C77C4548CEA93 /* ImageCache.swift in Sources */,
				3EA9B08FBC5A8C8FFBE5FBA0 /* ImageCacheKey.swift.swift in Sources */,
				126F5B97318F30E27BFCB6A6 /* Ingredient.swift in Sources */,
				C5D91C1F0C1264597C216B87 /* KeyValueStorage.swift in Sources */,
				6EE40987CFA14D8ACBD86ECB /* Keys.swift in Sources */,
				78149DF053E02569D3C35AD9 /* ListStorage.swift in Sources */,
				3EF4AAD35853E6762ED57BB2 /* ListSwitcherViewModel.swift in Sources */,
				F60854BDA55962AF9EBC0AF5 /* ListsSwitcher.swift in Sources */,
				B93E7A8B0D2528D92DC19E2B /* Meal+Mocks.swift in Sources */,
				5D08800A00E7A1EC2F1729F7 /* Meal.swift in Sources */,
				D54E7640CFA1CF3756F2BF53 /* MealItem.swift in Sources */,
				DDFAB76E1DA82D8810FF04AF /* MealView.swift in Sources */,
				F3451552E71C45009873EF88 /* MealViewModel.swift in Sources */,
				66B244334674DA6EDFB22AB9 /* NavigationBar.swift in Sources */,
				879323B599663AC33172B1A7 /* NetworkService+Factory.swift in Sources */,
				D5DA2814A42A5EA196E2FAE0 /* NetworkService+Mock.swift in Sources */,
				AE13009EE99F91F69D208812 /* NetworkService.swift in Sources */,
				E30CAEF2F61A12070BCCF994 /* Notification+Name.swift in Sources */,
				2E02F9C9BB50F8730EA58595 /* OnAppearedOnceModifier.swift in Sources */,
				E574FBD1CE732FD99A4C121A /* FoodyQApp.swift in Sources */,
				CECA8CE19E1ADBB4202F472C /* PlayButtonView.swift in Sources */,
				C765D1742BB807CB00DD7A0A /* Modifiers.swift in Sources */,
				46FAA1A6FFA570528DC6D713 /* PlayShape.swift in Sources */,
				E13142EC9D6F337EC4723024 /* RecipeParser.swift in Sources */,
				D468AC67CCA21D4E303F17AC /* Remote.swift in Sources */,
				F6BBB6DEFDA7A05D7ADED69F /* RemoteSpec.swift in Sources */,
				C765D16E2BB806B300DD7A0A /* SignUpView.swift in Sources */,
				D7D18C079F8F24AD9F3F75A3 /* RequestFetcher.swift in Sources */,
				949AD66700464EA98DEF69B7 /* RowMeal.swift in Sources */,
				7325E1395E350D420E05EDB7 /* SearchBar.swift in Sources */,
				39676D37E77A20BAC2B1387E /* SearchView.swift in Sources */,
				5004B5D58F1AAF2984FA82FA /* SearchViewModel.swift in Sources */,
				ABBD56AC5B9FECCA9203239B /* SettingsView.swift in Sources */,
				9EA8E1027116048B9F6362EE /* SettingsViewModel.swift in Sources */,
				53C12D8AE349B0EBDEE0095B /* ShakeView.swift in Sources */,
				68A6548445BA659BCD8D3699 /* ShakeViewModel.swift in Sources */,
				0F4CA5E5E2525266A530DFE4 /* SplashScreen.swift in Sources */,
				708CDBBA49959A0605AE6EC7 /* TabBar.swift in Sources */,
				73CB83355EE2F63EDD1C3444 /* TabItem.swift in Sources */,
				106F8936BDBB8925D51EE1FF /* UIViewModel.swift in Sources */,
				E2FD832FDD150FEEC2D6B4C3 /* UIWindow+MotionEnd.swift in Sources */,
				C765D1722BB8078100DD7A0A /* TextFieldModifier.swift in Sources */,
				3F42A604F8A5B365ACD7A959 /* URLFactory.swift in Sources */,
				ADE8C0008175B84659844C51 /* URLSession+Extension.swift in Sources */,
				F820EB3A5A9304318BF31786 /* VideoView.swift in Sources */,
				0E1CC597EE0BC583F0590959 /* View+OnShake.swift in Sources */,
				58C43A07C93BED21390A8AFF /* YoutubeVideoView.swift in Sources */,
			);
			runOnlyForDeploymentPostprocessing = 0;
		};
/* End PBXSourcesBuildPhase section */

/* Begin XCBuildConfiguration section */
		50C3411AEBF04EDC4EE0FC5E /* Release */ = {
			isa = XCBuildConfiguration;
			buildSettings = {
				ALWAYS_SEARCH_USER_PATHS = NO;
				CLANG_ANALYZER_NONNULL = YES;
				CLANG_ANALYZER_NUMBER_OBJECT_CONVERSION = YES_AGGRESSIVE;
				CLANG_CXX_LANGUAGE_STANDARD = "gnu++14";
				CLANG_CXX_LIBRARY = "libc++";
				CLANG_ENABLE_MODULES = YES;
				CLANG_ENABLE_OBJC_ARC = YES;
				CLANG_ENABLE_OBJC_WEAK = YES;
				CLANG_WARN_BLOCK_CAPTURE_AUTORELEASING = YES;
				CLANG_WARN_BOOL_CONVERSION = YES;
				CLANG_WARN_COMMA = YES;
				CLANG_WARN_CONSTANT_CONVERSION = YES;
				CLANG_WARN_DEPRECATED_OBJC_IMPLEMENTATIONS = YES;
				CLANG_WARN_DIRECT_OBJC_ISA_USAGE = YES_ERROR;
				CLANG_WARN_DOCUMENTATION_COMMENTS = YES;
				CLANG_WARN_EMPTY_BODY = YES;
				CLANG_WARN_ENUM_CONVERSION = YES;
				CLANG_WARN_INFINITE_RECURSION = YES;
				CLANG_WARN_INT_CONVERSION = YES;
				CLANG_WARN_NON_LITERAL_NULL_CONVERSION = YES;
				CLANG_WARN_OBJC_IMPLICIT_RETAIN_SELF = YES;
				CLANG_WARN_OBJC_LITERAL_CONVERSION = YES;
				CLANG_WARN_OBJC_ROOT_CLASS = YES_ERROR;
				CLANG_WARN_QUOTED_INCLUDE_IN_FRAMEWORK_HEADER = YES;
				CLANG_WARN_RANGE_LOOP_ANALYSIS = YES;
				CLANG_WARN_STRICT_PROTOTYPES = YES;
				CLANG_WARN_SUSPICIOUS_MOVE = YES;
				CLANG_WARN_UNGUARDED_AVAILABILITY = YES_AGGRESSIVE;
				CLANG_WARN_UNREACHABLE_CODE = YES;
				CLANG_WARN__DUPLICATE_METHOD_MATCH = YES;
				COPY_PHASE_STRIP = NO;
				DEBUG_INFORMATION_FORMAT = "dwarf-with-dsym";
				ENABLE_NS_ASSERTIONS = NO;
				ENABLE_STRICT_OBJC_MSGSEND = YES;
				ENABLE_TESTABILITY = NO;
				GCC_C_LANGUAGE_STANDARD = gnu11;
				GCC_NO_COMMON_BLOCKS = YES;
				GCC_WARN_64_TO_32_BIT_CONVERSION = YES;
				GCC_WARN_ABOUT_RETURN_TYPE = YES_ERROR;
				GCC_WARN_UNDECLARED_SELECTOR = YES;
				GCC_WARN_UNINITIALIZED_AUTOS = YES_AGGRESSIVE;
				GCC_WARN_UNUSED_FUNCTION = YES;
				GCC_WARN_UNUSED_VARIABLE = YES;
				GENERATE_INFOPLIST_FILE = YES;
				INFOPLIST_KEY_LSApplicationCategoryType = "public.app-category.finance";
				INFOPLIST_KEY_UIApplicationSceneManifest_Generation = YES;
				INFOPLIST_KEY_UIApplicationSupportsIndirectInputEvents = YES;
				INFOPLIST_KEY_UILaunchScreen_Generation = YES;
				INFOPLIST_KEY_UISupportedInterfaceOrientations = UIInterfaceOrientationPortrait;
				IPHONEOS_DEPLOYMENT_TARGET = 16.0;
				MTL_ENABLE_DEBUG_INFO = NO;
				MTL_FAST_MATH = YES;
				PRODUCT_NAME = "$(TARGET_NAME)";
				SDKROOT = iphoneos;
				SWIFT_COMPILATION_MODE = wholemodule;
				SWIFT_OPTIMIZATION_LEVEL = "-O";
				SWIFT_VERSION = 5.5;
				VALIDATE_PRODUCT = YES;
			};
			name = Release;
		};
		521431FC2F494A4E596DEA2C /* Release */ = {
			isa = XCBuildConfiguration;
			buildSettings = {
				ALWAYS_EMBED_SWIFT_STANDARD_LIBRARIES = "$(inherited)";
				ASSETCATALOG_COMPILER_APPICON_NAME = AppIcon;
				ASSETCATALOG_COMPILER_GLOBAL_ACCENT_COLOR_NAME = AccentColor;
				CODE_SIGN_IDENTITY = "iPhone Developer";
				CODE_SIGN_STYLE = Automatic;
				CURRENT_PROJECT_VERSION = 1.0.0;
				DEFINES_MODULE = YES;
				DEVELOPMENT_ASSET_PATHS = "\"FoodyQ/Preview Content\"";
				DEVELOPMENT_TEAM = NSQV4QVJDC;
				ENABLE_PREVIEWS = YES;
				INFOPLIST_FILE = FoodyQ/Info.plist;
				INFOPLIST_KEY_CFBundleDisplayName = FoodyQ;
				INFOPLIST_KEY_LSApplicationCategoryType = "public.app-category.food-and-drink";
				INFOPLIST_KEY_UIApplicationSceneManifest_Generation = YES;
				INFOPLIST_KEY_UIApplicationSupportsIndirectInputEvents = YES;
				INFOPLIST_KEY_UISupportedInterfaceOrientations = UIInterfaceOrientationPortrait;
				IPHONEOS_DEPLOYMENT_TARGET = 16.0;
				LD_RUNPATH_SEARCH_PATHS = (
					"$(inherited)",
					"@executable_path/Frameworks",
				);
				MARKETING_VERSION = 1.0.0;
				PRODUCT_BUNDLE_IDENTIFIER = "FoddyQ-Team.FoodyQ";
				PRODUCT_NAME = "$(TARGET_NAME)";
				SDKROOT = iphoneos;
				SUPPORTED_PLATFORMS = "iphoneos iphonesimulator";
				SUPPORTS_MACCATALYST = NO;
				SUPPORTS_MAC_DESIGNED_FOR_IPHONE_IPAD = NO;
				TARGETED_DEVICE_FAMILY = 1;
				XCODEGEN_STATE = YES;
			};
			name = Release;
		};
		BC9A2244C291308DB98659DF /* Debug */ = {
			isa = XCBuildConfiguration;
			buildSettings = {
				ALWAYS_SEARCH_USER_PATHS = NO;
				CLANG_ANALYZER_NONNULL = YES;
				CLANG_ANALYZER_NUMBER_OBJECT_CONVERSION = YES_AGGRESSIVE;
				CLANG_CXX_LANGUAGE_STANDARD = "gnu++14";
				CLANG_CXX_LIBRARY = "libc++";
				CLANG_ENABLE_MODULES = YES;
				CLANG_ENABLE_OBJC_ARC = YES;
				CLANG_ENABLE_OBJC_WEAK = YES;
				CLANG_WARN_BLOCK_CAPTURE_AUTORELEASING = YES;
				CLANG_WARN_BOOL_CONVERSION = YES;
				CLANG_WARN_COMMA = YES;
				CLANG_WARN_CONSTANT_CONVERSION = YES;
				CLANG_WARN_DEPRECATED_OBJC_IMPLEMENTATIONS = YES;
				CLANG_WARN_DIRECT_OBJC_ISA_USAGE = YES_ERROR;
				CLANG_WARN_DOCUMENTATION_COMMENTS = YES;
				CLANG_WARN_EMPTY_BODY = YES;
				CLANG_WARN_ENUM_CONVERSION = YES;
				CLANG_WARN_INFINITE_RECURSION = YES;
				CLANG_WARN_INT_CONVERSION = YES;
				CLANG_WARN_NON_LITERAL_NULL_CONVERSION = YES;
				CLANG_WARN_OBJC_IMPLICIT_RETAIN_SELF = YES;
				CLANG_WARN_OBJC_LITERAL_CONVERSION = YES;
				CLANG_WARN_OBJC_ROOT_CLASS = YES_ERROR;
				CLANG_WARN_QUOTED_INCLUDE_IN_FRAMEWORK_HEADER = YES;
				CLANG_WARN_RANGE_LOOP_ANALYSIS = YES;
				CLANG_WARN_STRICT_PROTOTYPES = YES;
				CLANG_WARN_SUSPICIOUS_MOVE = YES;
				CLANG_WARN_UNGUARDED_AVAILABILITY = YES_AGGRESSIVE;
				CLANG_WARN_UNREACHABLE_CODE = YES;
				CLANG_WARN__DUPLICATE_METHOD_MATCH = YES;
				COPY_PHASE_STRIP = NO;
				DEBUG_INFORMATION_FORMAT = dwarf;
				ENABLE_STRICT_OBJC_MSGSEND = YES;
				ENABLE_TESTABILITY = YES;
				GCC_C_LANGUAGE_STANDARD = gnu11;
				GCC_DYNAMIC_NO_PIC = NO;
				GCC_NO_COMMON_BLOCKS = YES;
				GCC_OPTIMIZATION_LEVEL = 0;
				GCC_PREPROCESSOR_DEFINITIONS = (
					"$(inherited)",
					"DEBUG=1",
				);
				GCC_WARN_64_TO_32_BIT_CONVERSION = YES;
				GCC_WARN_ABOUT_RETURN_TYPE = YES_ERROR;
				GCC_WARN_UNDECLARED_SELECTOR = YES;
				GCC_WARN_UNINITIALIZED_AUTOS = YES_AGGRESSIVE;
				GCC_WARN_UNUSED_FUNCTION = YES;
				GCC_WARN_UNUSED_VARIABLE = YES;
				GENERATE_INFOPLIST_FILE = YES;
				INFOPLIST_KEY_LSApplicationCategoryType = "public.app-category.finance";
				INFOPLIST_KEY_UIApplicationSceneManifest_Generation = YES;
				INFOPLIST_KEY_UIApplicationSupportsIndirectInputEvents = YES;
				INFOPLIST_KEY_UILaunchScreen_Generation = YES;
				INFOPLIST_KEY_UISupportedInterfaceOrientations = UIInterfaceOrientationPortrait;
				IPHONEOS_DEPLOYMENT_TARGET = 16.0;
				MTL_ENABLE_DEBUG_INFO = INCLUDE_SOURCE;
				MTL_FAST_MATH = YES;
				ONLY_ACTIVE_ARCH = YES;
				PRODUCT_NAME = "$(TARGET_NAME)";
				SDKROOT = iphoneos;
				SWIFT_ACTIVE_COMPILATION_CONDITIONS = DEBUG;
				SWIFT_COMPILATION_MODE = singlefile;
				SWIFT_OPTIMIZATION_LEVEL = "-Onone";
				SWIFT_VERSION = 5.5;
				VALIDATE_PRODUCT = NO;
			};
			name = Debug;
		};
		CDFF6E78D704D605B2A465E3 /* Debug */ = {
			isa = XCBuildConfiguration;
			buildSettings = {
				ALWAYS_EMBED_SWIFT_STANDARD_LIBRARIES = "$(inherited)";
				ASSETCATALOG_COMPILER_APPICON_NAME = AppIcon;
				ASSETCATALOG_COMPILER_GLOBAL_ACCENT_COLOR_NAME = AccentColor;
				CODE_SIGN_IDENTITY = "iPhone Developer";
				CODE_SIGN_STYLE = Automatic;
				CURRENT_PROJECT_VERSION = 1.0.0;
				DEFINES_MODULE = YES;
				DEVELOPMENT_ASSET_PATHS = "\"FoodyQ/Preview Content\"";
				DEVELOPMENT_TEAM = NSQV4QVJDC;
				ENABLE_PREVIEWS = YES;
				INFOPLIST_FILE = FoodyQ/Info.plist;
				INFOPLIST_KEY_CFBundleDisplayName = FoodyQ;
				INFOPLIST_KEY_LSApplicationCategoryType = "public.app-category.food-and-drink";
				INFOPLIST_KEY_UIApplicationSceneManifest_Generation = YES;
				INFOPLIST_KEY_UIApplicationSupportsIndirectInputEvents = YES;
				INFOPLIST_KEY_UISupportedInterfaceOrientations = UIInterfaceOrientationPortrait;
				IPHONEOS_DEPLOYMENT_TARGET = 16.0;
				LD_RUNPATH_SEARCH_PATHS = (
					"$(inherited)",
					"@executable_path/Frameworks",
				);
				MARKETING_VERSION = 1.0.0;
				PRODUCT_BUNDLE_IDENTIFIER = "FoddyQ-Team.FoodyQ";
				PRODUCT_NAME = "$(TARGET_NAME)";
				SDKROOT = iphoneos;
				SUPPORTED_PLATFORMS = "iphoneos iphonesimulator";
				SUPPORTS_MACCATALYST = NO;
				SUPPORTS_MAC_DESIGNED_FOR_IPHONE_IPAD = NO;
				TARGETED_DEVICE_FAMILY = 1;
				XCODEGEN_STATE = YES;
			};
			name = Debug;
		};
/* End XCBuildConfiguration section */

/* Begin XCConfigurationList section */
		869958C70B7234105864447F /* Build configuration list for PBXProject "FoodyQ" */ = {
			isa = XCConfigurationList;
			buildConfigurations = (
				BC9A2244C291308DB98659DF /* Debug */,
				50C3411AEBF04EDC4EE0FC5E /* Release */,
			);
			defaultConfigurationIsVisible = 0;
			defaultConfigurationName = Debug;
		};
		B2AB8110DA4469B802D4C919 /* Build configuration list for PBXNativeTarget "FoodyQ" */ = {
			isa = XCConfigurationList;
			buildConfigurations = (
				CDFF6E78D704D605B2A465E3 /* Debug */,
				521431FC2F494A4E596DEA2C /* Release */,
			);
			defaultConfigurationIsVisible = 0;
			defaultConfigurationName = Debug;
		};
/* End XCConfigurationList section */
	};
	rootObject = B7D32CFA57CDD63564913AE7 /* Project object */;
}
